// !$*UTF8*$!
{
	archiveVersion = 1;
	classes = {
	};
	objectVersion = 56;
	objects = {

/* Begin PBXBuildFile section */
		CB8C870829CE2EF300A344F8 /* AppDelegate.swift in Sources */ = {isa = PBXBuildFile; fileRef = CB8C870729CE2EF300A344F8 /* AppDelegate.swift */; };
		CB8C870A29CE2EF300A344F8 /* SceneDelegate.swift in Sources */ = {isa = PBXBuildFile; fileRef = CB8C870929CE2EF300A344F8 /* SceneDelegate.swift */; };
		CB8C870C29CE2EF300A344F8 /* ViewController.swift in Sources */ = {isa = PBXBuildFile; fileRef = CB8C870B29CE2EF300A344F8 /* ViewController.swift */; };
		CB8C870F29CE2EF300A344F8 /* Main.storyboard in Resources */ = {isa = PBXBuildFile; fileRef = CB8C870D29CE2EF300A344F8 /* Main.storyboard */; };
		CB8C871129CE2EF500A344F8 /* Assets.xcassets in Resources */ = {isa = PBXBuildFile; fileRef = CB8C871029CE2EF500A344F8 /* Assets.xcassets */; };
		CB8C871429CE2EF500A344F8 /* LaunchScreen.storyboard in Resources */ = {isa = PBXBuildFile; fileRef = CB8C871229CE2EF500A344F8 /* LaunchScreen.storyboard */; };
		CB8C871F29CE2EF500A344F8 /* Assignment3_APITests.swift in Sources */ = {isa = PBXBuildFile; fileRef = CB8C871E29CE2EF500A344F8 /* Assignment3_APITests.swift */; };
		CB8C872929CE2EF500A344F8 /* Assignment3_APIUITests.swift in Sources */ = {isa = PBXBuildFile; fileRef = CB8C872829CE2EF500A344F8 /* Assignment3_APIUITests.swift */; };
		CB8C872B29CE2EF500A344F8 /* Assignment3_APIUITestsLaunchTests.swift in Sources */ = {isa = PBXBuildFile; fileRef = CB8C872A29CE2EF500A344F8 /* Assignment3_APIUITestsLaunchTests.swift */; };
		CB8C873829CE32A900A344F8 /* API.swift in Sources */ = {isa = PBXBuildFile; fileRef = CB8C873729CE32A900A344F8 /* API.swift */; };
		CB8C873A29CE46DF00A344F8 /* CustomTableViewCell.swift in Sources */ = {isa = PBXBuildFile; fileRef = CB8C873929CE46DF00A344F8 /* CustomTableViewCell.swift */; };
		CBC2C46F29CE623100CFEF56 /* MovieViewController.swift in Sources */ = {isa = PBXBuildFile; fileRef = CBC2C46E29CE623100CFEF56 /* MovieViewController.swift */; };
/* End PBXBuildFile section */

/* Begin PBXContainerItemProxy section */
		CB8C871B29CE2EF500A344F8 /* PBXContainerItemProxy */ = {
			isa = PBXContainerItemProxy;
			containerPortal = CB8C86FC29CE2EF300A344F8 /* Project object */;
			proxyType = 1;
			remoteGlobalIDString = CB8C870329CE2EF300A344F8;
			remoteInfo = Assignment3_API;
		};
		CB8C872529CE2EF500A344F8 /* PBXContainerItemProxy */ = {
			isa = PBXContainerItemProxy;
			containerPortal = CB8C86FC29CE2EF300A344F8 /* Project object */;
			proxyType = 1;
			remoteGlobalIDString = CB8C870329CE2EF300A344F8;
			remoteInfo = Assignment3_API;
		};
/* End PBXContainerItemProxy section */

/* Begin PBXFileReference section */
		CB8C870429CE2EF300A344F8 /* Assignment3_API.app */ = {isa = PBXFileReference; explicitFileType = wrapper.application; includeInIndex = 0; path = Assignment3_API.app; sourceTree = BUILT_PRODUCTS_DIR; };
		CB8C870729CE2EF300A344F8 /* AppDelegate.swift */ = {isa = PBXFileReference; lastKnownFileType = sourcecode.swift; path = AppDelegate.swift; sourceTree = "<group>"; };
		CB8C870929CE2EF300A344F8 /* SceneDelegate.swift */ = {isa = PBXFileReference; lastKnownFileType = sourcecode.swift; path = SceneDelegate.swift; sourceTree = "<group>"; };
		CB8C870B29CE2EF300A344F8 /* ViewController.swift */ = {isa = PBXFileReference; lastKnownFileType = sourcecode.swift; path = ViewController.swift; sourceTree = "<group>"; };
		CB8C870E29CE2EF300A344F8 /* Base */ = {isa = PBXFileReference; lastKnownFileType = file.storyboard; name = Base; path = Base.lproj/Main.storyboard; sourceTree = "<group>"; };
		CB8C871029CE2EF500A344F8 /* Assets.xcassets */ = {isa = PBXFileReference; lastKnownFileType = folder.assetcatalog; path = Assets.xcassets; sourceTree = "<group>"; };
		CB8C871329CE2EF500A344F8 /* Base */ = {isa = PBXFileReference; lastKnownFileType = file.storyboard; name = Base; path = Base.lproj/LaunchScreen.storyboard; sourceTree = "<group>"; };
		CB8C871529CE2EF500A344F8 /* Info.plist */ = {isa = PBXFileReference; lastKnownFileType = text.plist.xml; path = Info.plist; sourceTree = "<group>"; };
		CB8C871A29CE2EF500A344F8 /* Assignment3_APITests.xctest */ = {isa = PBXFileReference; explicitFileType = wrapper.cfbundle; includeInIndex = 0; path = Assignment3_APITests.xctest; sourceTree = BUILT_PRODUCTS_DIR; };
		CB8C871E29CE2EF500A344F8 /* Assignment3_APITests.swift */ = {isa = PBXFileReference; lastKnownFileType = sourcecode.swift; path = Assignment3_APITests.swift; sourceTree = "<group>"; };
		CB8C872429CE2EF500A344F8 /* Assignment3_APIUITests.xctest */ = {isa = PBXFileReference; explicitFileType = wrapper.cfbundle; includeInIndex = 0; path = Assignment3_APIUITests.xctest; sourceTree = BUILT_PRODUCTS_DIR; };
		CB8C872829CE2EF500A344F8 /* Assignment3_APIUITests.swift */ = {isa = PBXFileReference; lastKnownFileType = sourcecode.swift; path = Assignment3_APIUITests.swift; sourceTree = "<group>"; };
		CB8C872A29CE2EF500A344F8 /* Assignment3_APIUITestsLaunchTests.swift */ = {isa = PBXFileReference; lastKnownFileType = sourcecode.swift; path = Assignment3_APIUITestsLaunchTests.swift; sourceTree = "<group>"; };
		CB8C873729CE32A900A344F8 /* API.swift */ = {isa = PBXFileReference; lastKnownFileType = sourcecode.swift; path = API.swift; sourceTree = "<group>"; };
		CB8C873929CE46DF00A344F8 /* CustomTableViewCell.swift */ = {isa = PBXFileReference; lastKnownFileType = sourcecode.swift; path = CustomTableViewCell.swift; sourceTree = "<group>"; };
		CBC2C46E29CE623100CFEF56 /* MovieViewController.swift */ = {isa = PBXFileReference; lastKnownFileType = sourcecode.swift; path = MovieViewController.swift; sourceTree = "<group>"; };
/* End PBXFileReference section */

/* Begin PBXFrameworksBuildPhase section */
		CB8C870129CE2EF300A344F8 /* Frameworks */ = {
			isa = PBXFrameworksBuildPhase;
			buildActionMask = 2147483647;
			files = (
			);
			runOnlyForDeploymentPostprocessing = 0;
		};
		CB8C871729CE2EF500A344F8 /* Frameworks */ = {
			isa = PBXFrameworksBuildPhase;
			buildActionMask = 2147483647;
			files = (
			);
			runOnlyForDeploymentPostprocessing = 0;
		};
		CB8C872129CE2EF500A344F8 /* Frameworks */ = {
			isa = PBXFrameworksBuildPhase;
			buildActionMask = 2147483647;
			files = (
			);
			runOnlyForDeploymentPostprocessing = 0;
		};
/* End PBXFrameworksBuildPhase section */

/* Begin PBXGroup section */
		CB8C86FB29CE2EF300A344F8 = {
			isa = PBXGroup;
			children = (
				CB8C870629CE2EF300A344F8 /* Assignment3_API */,
				CB8C871D29CE2EF500A344F8 /* Assignment3_APITests */,
				CB8C872729CE2EF500A344F8 /* Assignment3_APIUITests */,
				CB8C870529CE2EF300A344F8 /* Products */,
			);
			sourceTree = "<group>";
		};
		CB8C870529CE2EF300A344F8 /* Products */ = {
			isa = PBXGroup;
			children = (
				CB8C870429CE2EF300A344F8 /* Assignment3_API.app */,
				CB8C871A29CE2EF500A344F8 /* Assignment3_APITests.xctest */,
				CB8C872429CE2EF500A344F8 /* Assignment3_APIUITests.xctest */,
			);
			name = Products;
			sourceTree = "<group>";
		};
		CB8C870629CE2EF300A344F8 /* Assignment3_API */ = {
			isa = PBXGroup;
			children = (
				CB8C870729CE2EF300A344F8 /* AppDelegate.swift */,
				CB8C870929CE2EF300A344F8 /* SceneDelegate.swift */,
				CB8C870B29CE2EF300A344F8 /* ViewController.swift */,
				CB8C870D29CE2EF300A344F8 /* Main.storyboard */,
				CB8C873729CE32A900A344F8 /* API.swift */,
				CB8C871029CE2EF500A344F8 /* Assets.xcassets */,
				CB8C871229CE2EF500A344F8 /* LaunchScreen.storyboard */,
				CB8C871529CE2EF500A344F8 /* Info.plist */,
				CB8C873929CE46DF00A344F8 /* CustomTableViewCell.swift */,
				CBC2C46E29CE623100CFEF56 /* MovieViewController.swift */,
			);
			path = Assignment3_API;
			sourceTree = "<group>";
		};
		CB8C871D29CE2EF500A344F8 /* Assignment3_APITests */ = {
			isa = PBXGroup;
			children = (
				CB8C871E29CE2EF500A344F8 /* Assignment3_APITests.swift */,
			);
			path = Assignment3_APITests;
			sourceTree = "<group>";
		};
		CB8C872729CE2EF500A344F8 /* Assignment3_APIUITests */ = {
			isa = PBXGroup;
			children = (
				CB8C872829CE2EF500A344F8 /* Assignment3_APIUITests.swift */,
				CB8C872A29CE2EF500A344F8 /* Assignment3_APIUITestsLaunchTests.swift */,
			);
			path = Assignment3_APIUITests;
			sourceTree = "<group>";
		};
/* End PBXGroup section */

/* Begin PBXNativeTarget section */
		CB8C870329CE2EF300A344F8 /* Assignment3_API */ = {
			isa = PBXNativeTarget;
			buildConfigurationList = CB8C872E29CE2EF500A344F8 /* Build configuration list for PBXNativeTarget "Assignment3_API" */;
			buildPhases = (
				CB8C870029CE2EF300A344F8 /* Sources */,
				CB8C870129CE2EF300A344F8 /* Frameworks */,
				CB8C870229CE2EF300A344F8 /* Resources */,
			);
			buildRules = (
			);
			dependencies = (
			);
			name = Assignment3_API;
			productName = Assignment3_API;
			productReference = CB8C870429CE2EF300A344F8 /* Assignment3_API.app */;
			productType = "com.apple.product-type.application";
		};
		CB8C871929CE2EF500A344F8 /* Assignment3_APITests */ = {
			isa = PBXNativeTarget;
			buildConfigurationList = CB8C873129CE2EF500A344F8 /* Build configuration list for PBXNativeTarget "Assignment3_APITests" */;
			buildPhases = (
				CB8C871629CE2EF500A344F8 /* Sources */,
				CB8C871729CE2EF500A344F8 /* Frameworks */,
				CB8C871829CE2EF500A344F8 /* Resources */,
			);
			buildRules = (
			);
			dependencies = (
				CB8C871C29CE2EF500A344F8 /* PBXTargetDependency */,
			);
			name = Assignment3_APITests;
			productName = Assignment3_APITests;
			productReference = CB8C871A29CE2EF500A344F8 /* Assignment3_APITests.xctest */;
			productType = "com.apple.product-type.bundle.unit-test";
		};
		CB8C872329CE2EF500A344F8 /* Assignment3_APIUITests */ = {
			isa = PBXNativeTarget;
			buildConfigurationList = CB8C873429CE2EF500A344F8 /* Build configuration list for PBXNativeTarget "Assignment3_APIUITests" */;
			buildPhases = (
				CB8C872029CE2EF500A344F8 /* Sources */,
				CB8C872129CE2EF500A344F8 /* Frameworks */,
				CB8C872229CE2EF500A344F8 /* Resources */,
			);
			buildRules = (
			);
			dependencies = (
				CB8C872629CE2EF500A344F8 /* PBXTargetDependency */,
			);
			name = Assignment3_APIUITests;
			productName = Assignment3_APIUITests;
			productReference = CB8C872429CE2EF500A344F8 /* Assignment3_APIUITests.xctest */;
			productType = "com.apple.product-type.bundle.ui-testing";
		};
/* End PBXNativeTarget section */

/* Begin PBXProject section */
		CB8C86FC29CE2EF300A344F8 /* Project object */ = {
			isa = PBXProject;
			attributes = {
				BuildIndependentTargetsInParallel = 1;
				LastSwiftUpdateCheck = 1420;
				LastUpgradeCheck = 1420;
				TargetAttributes = {
					CB8C870329CE2EF300A344F8 = {
						CreatedOnToolsVersion = 14.2;
					};
					CB8C871929CE2EF500A344F8 = {
						CreatedOnToolsVersion = 14.2;
						TestTargetID = CB8C870329CE2EF300A344F8;
					};
					CB8C872329CE2EF500A344F8 = {
						CreatedOnToolsVersion = 14.2;
						TestTargetID = CB8C870329CE2EF300A344F8;
					};
				};
			};
			buildConfigurationList = CB8C86FF29CE2EF300A344F8 /* Build configuration list for PBXProject "Assignment3_API" */;
			compatibilityVersion = "Xcode 14.0";
			developmentRegion = en;
			hasScannedForEncodings = 0;
			knownRegions = (
				en,
				Base,
			);
			mainGroup = CB8C86FB29CE2EF300A344F8;
			productRefGroup = CB8C870529CE2EF300A344F8 /* Products */;
			projectDirPath = "";
			projectRoot = "";
			targets = (
				CB8C870329CE2EF300A344F8 /* Assignment3_API */,
				CB8C871929CE2EF500A344F8 /* Assignment3_APITests */,
				CB8C872329CE2EF500A344F8 /* Assignment3_APIUITests */,
			);
		};
/* End PBXProject section */

/* Begin PBXResourcesBuildPhase section */
		CB8C870229CE2EF300A344F8 /* Resources */ = {
			isa = PBXResourcesBuildPhase;
			buildActionMask = 2147483647;
			files = (
				CB8C871429CE2EF500A344F8 /* LaunchScreen.storyboard in Resources */,
				CB8C871129CE2EF500A344F8 /* Assets.xcassets in Resources */,
				CB8C870F29CE2EF300A344F8 /* Main.storyboard in Resources */,
			);
			runOnlyForDeploymentPostprocessing = 0;
		};
		CB8C871829CE2EF500A344F8 /* Resources */ = {
			isa = PBXResourcesBuildPhase;
			buildActionMask = 2147483647;
			files = (
			);
			runOnlyForDeploymentPostprocessing = 0;
		};
		CB8C872229CE2EF500A344F8 /* Resources */ = {
			isa = PBXResourcesBuildPhase;
			buildActionMask = 2147483647;
			files = (
			);
			runOnlyForDeploymentPostprocessing = 0;
		};
/* End PBXResourcesBuildPhase section */

/* Begin PBXSourcesBuildPhase section */
		CB8C870029CE2EF300A344F8 /* Sources */ = {
			isa = PBXSourcesBuildPhase;
			buildActionMask = 2147483647;
			files = (
				CB8C870C29CE2EF300A344F8 /* ViewController.swift in Sources */,
				CB8C873A29CE46DF00A344F8 /* CustomTableViewCell.swift in Sources */,
				CB8C870829CE2EF300A344F8 /* AppDelegate.swift in Sources */,
				CB8C873829CE32A900A344F8 /* API.swift in Sources */,
				CB8C870A29CE2EF300A344F8 /* SceneDelegate.swift in Sources */,
				CBC2C46F29CE623100CFEF56 /* MovieViewController.swift in Sources */,
			);
			runOnlyForDeploymentPostprocessing = 0;
		};
		CB8C871629CE2EF500A344F8 /* Sources */ = {
			isa = PBXSourcesBuildPhase;
			buildActionMask = 2147483647;
			files = (
				CB8C871F29CE2EF500A344F8 /* Assignment3_APITests.swift in Sources */,
			);
			runOnlyForDeploymentPostprocessing = 0;
		};
		CB8C872029CE2EF500A344F8 /* Sources */ = {
			isa = PBXSourcesBuildPhase;
			buildActionMask = 2147483647;
			files = (
				CB8C872B29CE2EF500A344F8 /* Assignment3_APIUITestsLaunchTests.swift in Sources */,
				CB8C872929CE2EF500A344F8 /* Assignment3_APIUITests.swift in Sources */,
			);
			runOnlyForDeploymentPostprocessing = 0;
		};
/* End PBXSourcesBuildPhase section */

/* Begin PBXTargetDependency section */
		CB8C871C29CE2EF500A344F8 /* PBXTargetDependency */ = {
			isa = PBXTargetDependency;
			target = CB8C870329CE2EF300A344F8 /* Assignment3_API */;
			targetProxy = CB8C871B29CE2EF500A344F8 /* PBXContainerItemProxy */;
		};
		CB8C872629CE2EF500A344F8 /* PBXTargetDependency */ = {
			isa = PBXTargetDependency;
			target = CB8C870329CE2EF300A344F8 /* Assignment3_API */;
			targetProxy = CB8C872529CE2EF500A344F8 /* PBXContainerItemProxy */;
		};
/* End PBXTargetDependency section */

/* Begin PBXVariantGroup section */
		CB8C870D29CE2EF300A344F8 /* Main.storyboard */ = {
			isa = PBXVariantGroup;
			children = (
				CB8C870E29CE2EF300A344F8 /* Base */,
			);
			name = Main.storyboard;
			sourceTree = "<group>";
		};
		CB8C871229CE2EF500A344F8 /* LaunchScreen.storyboard */ = {
			isa = PBXVariantGroup;
			children = (
				CB8C871329CE2EF500A344F8 /* Base */,
			);
			name = LaunchScreen.storyboard;
			sourceTree = "<group>";
		};
/* End PBXVariantGroup section */

/* Begin XCBuildConfiguration section */
		CB8C872C29CE2EF500A344F8 /* Debug */ = {
			isa = XCBuildConfiguration;
			buildSettings = {
				ALWAYS_SEARCH_USER_PATHS = NO;
				CLANG_ANALYZER_NONNULL = YES;
				CLANG_ANALYZER_NUMBER_OBJECT_CONVERSION = YES_AGGRESSIVE;
				CLANG_CXX_LANGUAGE_STANDARD = "gnu++20";
				CLANG_ENABLE_MODULES = YES;
				CLANG_ENABLE_OBJC_ARC = YES;
				CLANG_ENABLE_OBJC_WEAK = YES;
				CLANG_WARN_BLOCK_CAPTURE_AUTORELEASING = YES;
				CLANG_WARN_BOOL_CONVERSION = YES;
				CLANG_WARN_COMMA = YES;
				CLANG_WARN_CONSTANT_CONVERSION = YES;
				CLANG_WARN_DEPRECATED_OBJC_IMPLEMENTATIONS = YES;
				CLANG_WARN_DIRECT_OBJC_ISA_USAGE = YES_ERROR;
				CLANG_WARN_DOCUMENTATION_COMMENTS = YES;
				CLANG_WARN_EMPTY_BODY = YES;
				CLANG_WARN_ENUM_CONVERSION = YES;
				CLANG_WARN_INFINITE_RECURSION = YES;
				CLANG_WARN_INT_CONVERSION = YES;
				CLANG_WARN_NON_LITERAL_NULL_CONVERSION = YES;
				CLANG_WARN_OBJC_IMPLICIT_RETAIN_SELF = YES;
				CLANG_WARN_OBJC_LITERAL_CONVERSION = YES;
				CLANG_WARN_OBJC_ROOT_CLASS = YES_ERROR;
				CLANG_WARN_QUOTED_INCLUDE_IN_FRAMEWORK_HEADER = YES;
				CLANG_WARN_RANGE_LOOP_ANALYSIS = YES;
				CLANG_WARN_STRICT_PROTOTYPES = YES;
				CLANG_WARN_SUSPICIOUS_MOVE = YES;
				CLANG_WARN_UNGUARDED_AVAILABILITY = YES_AGGRESSIVE;
				CLANG_WARN_UNREACHABLE_CODE = YES;
				CLANG_WARN__DUPLICATE_METHOD_MATCH = YES;
				COPY_PHASE_STRIP = NO;
				DEBUG_INFORMATION_FORMAT = dwarf;
				ENABLE_STRICT_OBJC_MSGSEND = YES;
				ENABLE_TESTABILITY = YES;
				GCC_C_LANGUAGE_STANDARD = gnu11;
				GCC_DYNAMIC_NO_PIC = NO;
				GCC_NO_COMMON_BLOCKS = YES;
				GCC_OPTIMIZATION_LEVEL = 0;
				GCC_PREPROCESSOR_DEFINITIONS = (
					"DEBUG=1",
					"$(inherited)",
				);
				GCC_WARN_64_TO_32_BIT_CONVERSION = YES;
				GCC_WARN_ABOUT_RETURN_TYPE = YES_ERROR;
				GCC_WARN_UNDECLARED_SELECTOR = YES;
				GCC_WARN_UNINITIALIZED_AUTOS = YES_AGGRESSIVE;
				GCC_WARN_UNUSED_FUNCTION = YES;
				GCC_WARN_UNUSED_VARIABLE = YES;
				IPHONEOS_DEPLOYMENT_TARGET = 16.2;
				MTL_ENABLE_DEBUG_INFO = INCLUDE_SOURCE;
				MTL_FAST_MATH = YES;
				ONLY_ACTIVE_ARCH = YES;
				SDKROOT = iphoneos;
				SWIFT_ACTIVE_COMPILATION_CONDITIONS = DEBUG;
				SWIFT_OPTIMIZATION_LEVEL = "-Onone";
			};
			name = Debug;
		};
		CB8C872D29CE2EF500A344F8 /* Release */ = {
			isa = XCBuildConfiguration;
			buildSettings = {
				ALWAYS_SEARCH_USER_PATHS = NO;
				CLANG_ANALYZER_NONNULL = YES;
				CLANG_ANALYZER_NUMBER_OBJECT_CONVERSION = YES_AGGRESSIVE;
				CLANG_CXX_LANGUAGE_STANDARD = "gnu++20";
				CLANG_ENABLE_MODULES = YES;
				CLANG_ENABLE_OBJC_ARC = YES;
				CLANG_ENABLE_OBJC_WEAK = YES;
				CLANG_WARN_BLOCK_CAPTURE_AUTORELEASING = YES;
				CLANG_WARN_BOOL_CONVERSION = YES;
				CLANG_WARN_COMMA = YES;
				CLANG_WARN_CONSTANT_CONVERSION = YES;
				CLANG_WARN_DEPRECATED_OBJC_IMPLEMENTATIONS = YES;
				CLANG_WARN_DIRECT_OBJC_ISA_USAGE = YES_ERROR;
				CLANG_WARN_DOCUMENTATION_COMMENTS = YES;
				CLANG_WARN_EMPTY_BODY = YES;
				CLANG_WARN_ENUM_CONVERSION = YES;
				CLANG_WARN_INFINITE_RECURSION = YES;
				CLANG_WARN_INT_CONVERSION = YES;
				CLANG_WARN_NON_LITERAL_NULL_CONVERSION = YES;
				CLANG_WARN_OBJC_IMPLICIT_RETAIN_SELF = YES;
				CLANG_WARN_OBJC_LITERAL_CONVERSION = YES;
				CLANG_WARN_OBJC_ROOT_CLASS = YES_ERROR;
				CLANG_WARN_QUOTED_INCLUDE_IN_FRAMEWORK_HEADER = YES;
				CLANG_WARN_RANGE_LOOP_ANALYSIS = YES;
				CLANG_WARN_STRICT_PROTOTYPES = YES;
				CLANG_WARN_SUSPICIOUS_MOVE = YES;
				CLANG_WARN_UNGUARDED_AVAILABILITY = YES_AGGRESSIVE;
				CLANG_WARN_UNREACHABLE_CODE = YES;
				CLANG_WARN__DUPLICATE_METHOD_MATCH = YES;
				COPY_PHASE_STRIP = NO;
				DEBUG_INFORMATION_FORMAT = "dwarf-with-dsym";
				ENABLE_NS_ASSERTIONS = NO;
				ENABLE_STRICT_OBJC_MSGSEND = YES;
				GCC_C_LANGUAGE_STANDARD = gnu11;
				GCC_NO_COMMON_BLOCKS = YES;
				GCC_WARN_64_TO_32_BIT_CONVERSION = YES;
				GCC_WARN_ABOUT_RETURN_TYPE = YES_ERROR;
				GCC_WARN_UNDECLARED_SELECTOR = YES;
				GCC_WARN_UNINITIALIZED_AUTOS = YES_AGGRESSIVE;
				GCC_WARN_UNUSED_FUNCTION = YES;
				GCC_WARN_UNUSED_VARIABLE = YES;
				IPHONEOS_DEPLOYMENT_TARGET = 16.2;
				MTL_ENABLE_DEBUG_INFO = NO;
				MTL_FAST_MATH = YES;
				SDKROOT = iphoneos;
				SWIFT_COMPILATION_MODE = wholemodule;
				SWIFT_OPTIMIZATION_LEVEL = "-O";
				VALIDATE_PRODUCT = YES;
			};
			name = Release;
		};
		CB8C872F29CE2EF500A344F8 /* Debug */ = {
			isa = XCBuildConfiguration;
			buildSettings = {
				ASSETCATALOG_COMPILER_APPICON_NAME = AppIcon;
				ASSETCATALOG_COMPILER_GLOBAL_ACCENT_COLOR_NAME = AccentColor;
				CODE_SIGN_STYLE = Automatic;
				CURRENT_PROJECT_VERSION = 1;
				DEVELOPMENT_TEAM = YJURBQF5B3;
				GENERATE_INFOPLIST_FILE = YES;
				INFOPLIST_FILE = Assignment3_API/Info.plist;
				INFOPLIST_KEY_UIApplicationSupportsIndirectInputEvents = YES;
				INFOPLIST_KEY_UILaunchStoryboardName = LaunchScreen;
				INFOPLIST_KEY_UIMainStoryboardFile = Main;
				INFOPLIST_KEY_UISupportedInterfaceOrientations_iPad = "UIInterfaceOrientationPortrait UIInterfaceOrientationPortraitUpsideDown UIInterfaceOrientationLandscapeLeft UIInterfaceOrientationLandscapeRight";
				INFOPLIST_KEY_UISupportedInterfaceOrientations_iPhone = "UIInterfaceOrientationPortrait UIInterfaceOrientationLandscapeLeft UIInterfaceOrientationLandscapeRight";
				LD_RUNPATH_SEARCH_PATHS = (
					"$(inherited)",
					"@executable_path/Frameworks",
				);
				MARKETING_VERSION = 1.0;
				PRODUCT_BUNDLE_IDENTIFIER = "MAP523.Assignment3-API";
				PRODUCT_NAME = "$(TARGET_NAME)";
				SWIFT_EMIT_LOC_STRINGS = YES;
				SWIFT_VERSION = 5.0;
				TARGETED_DEVICE_FAMILY = "1,2";
			};
			name = Debug;
		};
		CB8C873029CE2EF500A344F8 /* Release */ = {
			isa = XCBuildConfiguration;
			buildSettings = {
				ASSETCATALOG_COMPILER_APPICON_NAME = AppIcon;
				ASSETCATALOG_COMPILER_GLOBAL_ACCENT_COLOR_NAME = AccentColor;
				CODE_SIGN_STYLE = Automatic;
				CURRENT_PROJECT_VERSION = 1;
				DEVELOPMENT_TEAM = YJURBQF5B3;
				GENERATE_INFOPLIST_FILE = YES;
				INFOPLIST_FILE = Assignment3_API/Info.plist;
				INFOPLIST_KEY_UIApplicationSupportsIndirectInputEvents = YES;
				INFOPLIST_KEY_UILaunchStoryboardName = LaunchScreen;
				INFOPLIST_KEY_UIMainStoryboardFile = Main;
				INFOPLIST_KEY_UISupportedInterfaceOrientations_iPad = "UIInterfaceOrientationPortrait UIInterfaceOrientationPortraitUpsideDown UIInterfaceOrientationLandscapeLeft UIInterfaceOrientationLandscapeRight";
				INFOPLIST_KEY_UISupportedInterfaceOrientations_iPhone = "UIInterfaceOrientationPortrait UIInterfaceOrientationLandscapeLeft UIInterfaceOrientationLandscapeRight";
				LD_RUNPATH_SEARCH_PATHS = (
					"$(inherited)",
					"@executable_path/Frameworks",
				);
				MARKETING_VERSION = 1.0;
				PRODUCT_BUNDLE_IDENTIFIER = "MAP523.Assignment3-API";
				PRODUCT_NAME = "$(TARGET_NAME)";
				SWIFT_EMIT_LOC_STRINGS = YES;
				SWIFT_VERSION = 5.0;
				TARGETED_DEVICE_FAMILY = "1,2";
			};
			name = Release;
		};
		CB8C873229CE2EF500A344F8 /* Debug */ = {
			isa = XCBuildConfiguration;
			buildSettings = {
				ALWAYS_EMBED_SWIFT_STANDARD_LIBRARIES = YES;
				BUNDLE_LOADER = "$(TEST_HOST)";
				CODE_SIGN_STYLE = Automatic;
				CURRENT_PROJECT_VERSION = 1;
				DEVELOPMENT_TEAM = YJURBQF5B3;
				GENERATE_INFOPLIST_FILE = YES;
				IPHONEOS_DEPLOYMENT_TARGET = 16.2;
				MARKETING_VERSION = 1.0;
				PRODUCT_BUNDLE_IDENTIFIER = "MAP523.Assignment3-APITests";
				PRODUCT_NAME = "$(TARGET_NAME)";
				SWIFT_EMIT_LOC_STRINGS = NO;
				SWIFT_VERSION = 5.0;
				TARGETED_DEVICE_FAMILY = "1,2";
				TEST_HOST = "$(BUILT_PRODUCTS_DIR)/Assignment3_API.app/$(BUNDLE_EXECUTABLE_FOLDER_PATH)/Assignment3_API";
			};
			name = Debug;
		};
		CB8C873329CE2EF500A344F8 /* Release */ = {
			isa = XCBuildConfiguration;
			buildSettings = {
				ALWAYS_EMBED_SWIFT_STANDARD_LIBRARIES = YES;
				BUNDLE_LOADER = "$(TEST_HOST)";
				CODE_SIGN_STYLE = Automatic;
				CURRENT_PROJECT_VERSION = 1;
				DEVELOPMENT_TEAM = YJURBQF5B3;
				GENERATE_INFOPLIST_FILE = YES;
				IPHONEOS_DEPLOYMENT_TARGET = 16.2;
				MARKETING_VERSION = 1.0;
				PRODUCT_BUNDLE_IDENTIFIER = "MAP523.Assignment3-APITests";
				PRODUCT_NAME = "$(TARGET_NAME)";
				SWIFT_EMIT_LOC_STRINGS = NO;
				SWIFT_VERSION = 5.0;
				TARGETED_DEVICE_FAMILY = "1,2";
				TEST_HOST = "$(BUILT_PRODUCTS_DIR)/Assignment3_API.app/$(BUNDLE_EXECUTABLE_FOLDER_PATH)/Assignment3_API";
			};
			name = Release;
		};
		CB8C873529CE2EF500A344F8 /* Debug */ = {
			isa = XCBuildConfiguration;
			buildSettings = {
				ALWAYS_EMBED_SWIFT_STANDARD_LIBRARIES = YES;
				CODE_SIGN_STYLE = Automatic;
				CURRENT_PROJECT_VERSION = 1;
				DEVELOPMENT_TEAM = YJURBQF5B3;
				GENERATE_INFOPLIST_FILE = YES;
				MARKETING_VERSION = 1.0;
				PRODUCT_BUNDLE_IDENTIFIER = "MAP523.Assignment3-APIUITests";
				PRODUCT_NAME = "$(TARGET_NAME)";
				SWIFT_EMIT_LOC_STRINGS = NO;
				SWIFT_VERSION = 5.0;
				TARGETED_DEVICE_FAMILY = "1,2";
				TEST_TARGET_NAME = Assignment3_API;
			};
			name = Debug;
		};
		CB8C873629CE2EF500A344F8 /* Release */ = {
			isa = XCBuildConfiguration;
			buildSettings = {
				ALWAYS_EMBED_SWIFT_STANDARD_LIBRARIES = YES;
				CODE_SIGN_STYLE = Automatic;
				CURRENT_PROJECT_VERSION = 1;
				DEVELOPMENT_TEAM = YJURBQF5B3;
				GENERATE_INFOPLIST_FILE = YES;
				MARKETING_VERSION = 1.0;
				PRODUCT_BUNDLE_IDENTIFIER = "MAP523.Assignment3-APIUITests";
				PRODUCT_NAME = "$(TARGET_NAME)";
				SWIFT_EMIT_LOC_STRINGS = NO;
				SWIFT_VERSION = 5.0;
				TARGETED_DEVICE_FAMILY = "1,2";
				TEST_TARGET_NAME = Assignment3_API;
			};
			name = Release;
		};
/* End XCBuildConfiguration section */

/* Begin XCConfigurationList section */
		CB8C86FF29CE2EF300A344F8 /* Build configuration list for PBXProject "Assignment3_API" */ = {
			isa = XCConfigurationList;
			buildConfigurations = (
				CB8C872C29CE2EF500A344F8 /* Debug */,
				CB8C872D29CE2EF500A344F8 /* Release */,
			);
			defaultConfigurationIsVisible = 0;
			defaultConfigurationName = Release;
		};
		CB8C872E29CE2EF500A344F8 /* Build configuration list for PBXNativeTarget "Assignment3_API" */ = {
			isa = XCConfigurationList;
			buildConfigurations = (
				CB8C872F29CE2EF500A344F8 /* Debug */,
				CB8C873029CE2EF500A344F8 /* Release */,
			);
			defaultConfigurationIsVisible = 0;
			defaultConfigurationName = Release;
		};
		CB8C873129CE2EF500A344F8 /* Build configuration list for PBXNativeTarget "Assignment3_APITests" */ = {
			isa = XCConfigurationList;
			buildConfigurations = (
				CB8C873229CE2EF500A344F8 /* Debug */,
				CB8C873329CE2EF500A344F8 /* Release */,
			);
			defaultConfigurationIsVisible = 0;
			defaultConfigurationName = Release;
		};
		CB8C873429CE2EF500A344F8 /* Build configuration list for PBXNativeTarget "Assignment3_APIUITests" */ = {
			isa = XCConfigurationList;
			buildConfigurations = (
				CB8C873529CE2EF500A344F8 /* Debug */,
				CB8C873629CE2EF500A344F8 /* Release */,
			);
			defaultConfigurationIsVisible = 0;
			defaultConfigurationName = Release;
		};
/* End XCConfigurationList section */
	};
	rootObject = CB8C86FC29CE2EF300A344F8 /* Project object */;
}
